PODS:
  - IQKeyboardManager (6.2.0)
  - JGProgressHUD (2.0.3)
  - MJRefresh (3.1.15.7)

DEPENDENCIES:
  - IQKeyboardManager
  - JGProgressHUD
  - MJRefresh

SPEC REPOS:
  https://github.com/cocoapods/specs.git:
    - IQKeyboardManager
    - JGProgressHUD
    - MJRefresh

SPEC CHECKSUMS:
  IQKeyboardManager: 6194101620b73af5e67900b8f89707a99de0b804
  JGProgressHUD: 12b20a8f4ffe05258f8635c1ab92816e451f904d
  MJRefresh: 697f8ec75ebdbe9207767bb682cf0f51b0d8a41f

PODFILE CHECKSUM: 9e1eb605c5784aaf1d49ba5bbc288c06697fb356

COCOAPODS: 1.6.0
