// !$*UTF8*$!
{
	archiveVersion = 1;
	classes = {
	};
	objectVersion = 50;
	objects = {

/* Begin PBXBuildFile section */
		6E9B27DAC4A97C50CD1D1CFC /* Pods_HomeMates.framework in Frameworks */ = {isa = PBXBuildFile; fileRef = A0D5E2E1A5658A395EF06F5E /* Pods_HomeMates.framework */; };
		B91A696022704A98008C9B66 /* Array+Extension.swift in Sources */ = {isa = PBXBuildFile; fileRef = B91A695F22704A98008C9B66 /* Array+Extension.swift */; };
		B91D3A9A2264ABD400C1A28F /* MemberObject.swift in Sources */ = {isa = PBXBuildFile; fileRef = B91D3A992264ABD400C1A28F /* MemberObject.swift */; };
		B91D3A9C2264BF1300C1A28F /* String+Extension.swift in Sources */ = {isa = PBXBuildFile; fileRef = B91D3A9B2264BF1300C1A28F /* String+Extension.swift */; };
		B91D3A9F2264CA0F00C1A28F /* ApplicationObject.swift in Sources */ = {isa = PBXBuildFile; fileRef = B91D3A9E2264CA0F00C1A28F /* ApplicationObject.swift */; };
		B91D3AA1226594EF00C1A28F /* UIAlertController+Extension.swift in Sources */ = {isa = PBXBuildFile; fileRef = B91D3AA0226594EF00C1A28F /* UIAlertController+Extension.swift */; };
		B91D3AF8226970AF00C1A28F /* TotalPointsTableViewCell.swift in Sources */ = {isa = PBXBuildFile; fileRef = B91D3AF6226970AF00C1A28F /* TotalPointsTableViewCell.swift */; };
		B91D3AF9226970AF00C1A28F /* TotalPointsTableViewCell.xib in Resources */ = {isa = PBXBuildFile; fileRef = B91D3AF7226970AF00C1A28F /* TotalPointsTableViewCell.xib */; };
		B91D3AFC22698CF700C1A28F /* PointGoalTableViewCell.swift in Sources */ = {isa = PBXBuildFile; fileRef = B91D3AFA22698CF700C1A28F /* PointGoalTableViewCell.swift */; };
		B91D3AFD22698CF700C1A28F /* PointGoalTableViewCell.xib in Resources */ = {isa = PBXBuildFile; fileRef = B91D3AFB22698CF700C1A28F /* PointGoalTableViewCell.xib */; };
		B91D3AFF2269B7DE00C1A28F /* DateProvider.swift in Sources */ = {isa = PBXBuildFile; fileRef = B91D3AFE2269B7DE00C1A28F /* DateProvider.swift */; };
		B91D3B012269BAF500C1A28F /* Date+Extension.swift in Sources */ = {isa = PBXBuildFile; fileRef = B91D3B002269BAF500C1A28F /* Date+Extension.swift */; };
		B91D3B07226AE3BF00C1A28F /* TaskSettingsViewController.swift in Sources */ = {isa = PBXBuildFile; fileRef = B91D3B06226AE3BF00C1A28F /* TaskSettingsViewController.swift */; };
		B91D3B0B226AED2900C1A28F /* AddingTaskHeaderViewCell.swift in Sources */ = {isa = PBXBuildFile; fileRef = B91D3B09226AED2900C1A28F /* AddingTaskHeaderViewCell.swift */; };
		B91D3B0C226AED2900C1A28F /* AddingTaskHeaderViewCell.xib in Resources */ = {isa = PBXBuildFile; fileRef = B91D3B0A226AED2900C1A28F /* AddingTaskHeaderViewCell.xib */; };
		B91D3B0F226B11F200C1A28F /* TaskListTableViewCell.swift in Sources */ = {isa = PBXBuildFile; fileRef = B91D3B0D226B11F200C1A28F /* TaskListTableViewCell.swift */; };
		B91D3B10226B11F200C1A28F /* TaskListTableViewCell.xib in Resources */ = {isa = PBXBuildFile; fileRef = B91D3B0E226B11F200C1A28F /* TaskListTableViewCell.xib */; };
		B91D3B12226B62BC00C1A28F /* ProfileSettingsViewController.swift in Sources */ = {isa = PBXBuildFile; fileRef = B91D3B11226B62BC00C1A28F /* ProfileSettingsViewController.swift */; };
		B921CA73226D8CED001FA942 /* LobbySettingsViewController.swift in Sources */ = {isa = PBXBuildFile; fileRef = B921CA72226D8CED001FA942 /* LobbySettingsViewController.swift */; };
		B9261C792253858A0033ABC9 /* HMTabBarViewController.swift in Sources */ = {isa = PBXBuildFile; fileRef = B9261C782253858A0033ABC9 /* HMTabBarViewController.swift */; };
		B9261C7B225386030033ABC9 /* UIStoryboard+Extension.swift in Sources */ = {isa = PBXBuildFile; fileRef = B9261C7A225386030033ABC9 /* UIStoryboard+Extension.swift */; };
		B9261C7D225386810033ABC9 /* Task.storyboard in Resources */ = {isa = PBXBuildFile; fileRef = B9261C7C225386810033ABC9 /* Task.storyboard */; };
		B9261C7F225386930033ABC9 /* Profile.storyboard in Resources */ = {isa = PBXBuildFile; fileRef = B9261C7E225386930033ABC9 /* Profile.storyboard */; };
		B9261C81225386AF0033ABC9 /* More.storyboard in Resources */ = {isa = PBXBuildFile; fileRef = B9261C80225386AF0033ABC9 /* More.storyboard */; };
		B9261C83225386C40033ABC9 /* Lobby.storyboard in Resources */ = {isa = PBXBuildFile; fileRef = B9261C82225386C40033ABC9 /* Lobby.storyboard */; };
		B9261C85225387070033ABC9 /* Statistics.storyboard in Resources */ = {isa = PBXBuildFile; fileRef = B9261C84225387070033ABC9 /* Statistics.storyboard */; };
		B9261C87225389FB0033ABC9 /* UIImage+Extension.swift in Sources */ = {isa = PBXBuildFile; fileRef = B9261C86225389FB0033ABC9 /* UIImage+Extension.swift */; };
		B9261C89225392C60033ABC9 /* UIColor+Extension.swift in Sources */ = {isa = PBXBuildFile; fileRef = B9261C88225392C60033ABC9 /* UIColor+Extension.swift */; };
		B9261C9322545A9D0033ABC9 /* TasksTableViewCell.swift in Sources */ = {isa = PBXBuildFile; fileRef = B9261C9122545A9D0033ABC9 /* TasksTableViewCell.swift */; };
		B9261C9422545A9D0033ABC9 /* TasksTableViewCell.xib in Resources */ = {isa = PBXBuildFile; fileRef = B9261C9222545A9D0033ABC9 /* TasksTableViewCell.xib */; };
		B9261C97225489110033ABC9 /* TaskObject.swift in Sources */ = {isa = PBXBuildFile; fileRef = B9261C96225489110033ABC9 /* TaskObject.swift */; };
		B9261C9D225495840033ABC9 /* LobbyViewController.swift in Sources */ = {isa = PBXBuildFile; fileRef = B9261C9C225495840033ABC9 /* LobbyViewController.swift */; };
		B9261C9F2254C2B20033ABC9 /* TableView+Extension.swift in Sources */ = {isa = PBXBuildFile; fileRef = B9261C9E2254C2B20033ABC9 /* TableView+Extension.swift */; };
		B93EA2202272DC2F002F18A3 /* StatusBarSettings.swift in Sources */ = {isa = PBXBuildFile; fileRef = B93EA21F2272DC2F002F18A3 /* StatusBarSettings.swift */; };
		B94D15A622560AA500F43B78 /* LobbyHeaderCell.swift in Sources */ = {isa = PBXBuildFile; fileRef = B94D15A422560AA500F43B78 /* LobbyHeaderCell.swift */; };
		B94D15A722560AA500F43B78 /* LobbyHeaderCell.xib in Resources */ = {isa = PBXBuildFile; fileRef = B94D15A522560AA500F43B78 /* LobbyHeaderCell.xib */; };
		B94D15AF225721C500F43B78 /* ProfileHeaderViewCell.swift in Sources */ = {isa = PBXBuildFile; fileRef = B94D15AD225721C500F43B78 /* ProfileHeaderViewCell.swift */; };
		B94D15B0225721C500F43B78 /* ProfileHeaderViewCell.xib in Resources */ = {isa = PBXBuildFile; fileRef = B94D15AE225721C500F43B78 /* ProfileHeaderViewCell.xib */; };
		B94D15B322572A2200F43B78 /* HMBaseViewController.swift in Sources */ = {isa = PBXBuildFile; fileRef = B94D15B222572A2200F43B78 /* HMBaseViewController.swift */; };
		B94D15BB225749B500F43B78 /* MJRefreshWrapper.swift in Sources */ = {isa = PBXBuildFile; fileRef = B94D15BA225749B500F43B78 /* MJRefreshWrapper.swift */; };
		B94D15BD225754C700F43B78 /* ProfileViewController.swift in Sources */ = {isa = PBXBuildFile; fileRef = B94D15BC225754C700F43B78 /* ProfileViewController.swift */; };
		B94D15C522585DA200F43B78 /* StatisticsViewController.swift in Sources */ = {isa = PBXBuildFile; fileRef = B94D15C422585DA200F43B78 /* StatisticsViewController.swift */; };
		B94D15CA225886FB00F43B78 /* EventCell.swift in Sources */ = {isa = PBXBuildFile; fileRef = B94D15C8225886FB00F43B78 /* EventCell.swift */; };
		B94D15CB225886FB00F43B78 /* EventCell.xib in Resources */ = {isa = PBXBuildFile; fileRef = B94D15C9225886FB00F43B78 /* EventCell.xib */; };
		B959F736226DA57B00D3CA68 /* GroupMemberTableViewCell.swift in Sources */ = {isa = PBXBuildFile; fileRef = B959F734226DA57B00D3CA68 /* GroupMemberTableViewCell.swift */; };
		B959F737226DA57B00D3CA68 /* GroupMemberTableViewCell.xib in Resources */ = {isa = PBXBuildFile; fileRef = B959F735226DA57B00D3CA68 /* GroupMemberTableViewCell.xib */; };
		B959F739226DD56900D3CA68 /* FirestoreGroupManager.swift in Sources */ = {isa = PBXBuildFile; fileRef = B959F738226DD56900D3CA68 /* FirestoreGroupManager.swift */; };
		B959F73D226EC3E000D3CA68 /* MonthsObject.swift in Sources */ = {isa = PBXBuildFile; fileRef = B959F73C226EC3E000D3CA68 /* MonthsObject.swift */; };
		B959F73F226EF6CA00D3CA68 /* FirestoreUserManager.swift in Sources */ = {isa = PBXBuildFile; fileRef = B959F73E226EF6CA00D3CA68 /* FirestoreUserManager.swift */; };
		B98446C6226FF33100E5044A /* BlankTableViewCell.swift in Sources */ = {isa = PBXBuildFile; fileRef = B98446C4226FF33100E5044A /* BlankTableViewCell.swift */; };
		B98446C7226FF33100E5044A /* BlankTableViewCell.xib in Resources */ = {isa = PBXBuildFile; fileRef = B98446C5226FF33100E5044A /* BlankTableViewCell.xib */; };
		B98446CB22700DB700E5044A /* TaskRecordObject.swift in Sources */ = {isa = PBXBuildFile; fileRef = B98446CA22700DB700E5044A /* TaskRecordObject.swift */; };
		B9B10D732258A1780081C856 /* UIView+Extension.swift in Sources */ = {isa = PBXBuildFile; fileRef = B9B10D722258A1780081C856 /* UIView+Extension.swift */; };
		B9B7F52C225CAD5700A6DA9E /* TaskCellStatus.swift in Sources */ = {isa = PBXBuildFile; fileRef = B9B7F52B225CAD5700A6DA9E /* TaskCellStatus.swift */; };
		B9B7F531225CC00000A6DA9E /* ChartsTableViewCell.swift in Sources */ = {isa = PBXBuildFile; fileRef = B9B7F52F225CC00000A6DA9E /* ChartsTableViewCell.swift */; };
		B9B7F532225CC00000A6DA9E /* ChartsTableViewCell.xib in Resources */ = {isa = PBXBuildFile; fileRef = B9B7F530225CC00000A6DA9E /* ChartsTableViewCell.xib */; };
		B9B7F535225D933600A6DA9E /* TrackerTableViewCell.swift in Sources */ = {isa = PBXBuildFile; fileRef = B9B7F533225D933600A6DA9E /* TrackerTableViewCell.swift */; };
		B9B7F536225D933600A6DA9E /* TrackerTableViewCell.xib in Resources */ = {isa = PBXBuildFile; fileRef = B9B7F534225D933600A6DA9E /* TrackerTableViewCell.xib */; };
		B9B7F539225D95B500A6DA9E /* HMBaseTextField.swift in Sources */ = {isa = PBXBuildFile; fileRef = B9B7F538225D95B500A6DA9E /* HMBaseTextField.swift */; };
		B9B7F53E225DB6B900A6DA9E /* Auth.storyboard in Resources */ = {isa = PBXBuildFile; fileRef = B9B7F53D225DB6B900A6DA9E /* Auth.storyboard */; };
		B9B7F541225DB73D00A6DA9E /* AuthViewController.swift in Sources */ = {isa = PBXBuildFile; fileRef = B9B7F540225DB73D00A6DA9E /* AuthViewController.swift */; };
		B9B7F545225DEA8200A6DA9E /* GroupSelectionViewController.swift in Sources */ = {isa = PBXBuildFile; fileRef = B9B7F544225DEA8200A6DA9E /* GroupSelectionViewController.swift */; };
		B9B7F548225EEA8E00A6DA9E /* AlertService.swift in Sources */ = {isa = PBXBuildFile; fileRef = B9B7F547225EEA8E00A6DA9E /* AlertService.swift */; };
		B9B99F3022602A3800314BB6 /* MoreViewController.swift in Sources */ = {isa = PBXBuildFile; fileRef = B9B99F2F22602A3800314BB6 /* MoreViewController.swift */; };
		B9B99F322261898D00314BB6 /* UserObject.swift in Sources */ = {isa = PBXBuildFile; fileRef = B9B99F312261898D00314BB6 /* UserObject.swift */; };
		B9B99F352262151100314BB6 /* FIRFirestoreService.swift in Sources */ = {isa = PBXBuildFile; fileRef = B9B99F342262151100314BB6 /* FIRFirestoreService.swift */; };
		B9B99F372262C44B00314BB6 /* FIRCollectionReference.swift in Sources */ = {isa = PBXBuildFile; fileRef = B9B99F362262C44B00314BB6 /* FIRCollectionReference.swift */; };
		B9B99F392262D51C00314BB6 /* Encodable+Extension.swift in Sources */ = {isa = PBXBuildFile; fileRef = B9B99F382262D51C00314BB6 /* Encodable+Extension.swift */; };
		B9B99F3B2262DB0400314BB6 /* Snapshot+Entension.swift in Sources */ = {isa = PBXBuildFile; fileRef = B9B99F3A2262DB0400314BB6 /* Snapshot+Entension.swift */; };
		B9B99F3E226311B000314BB6 /* LoadingViewController.swift in Sources */ = {isa = PBXBuildFile; fileRef = B9B99F3C226311B000314BB6 /* LoadingViewController.swift */; };
		B9B99F41226313D300314BB6 /* Loading.storyboard in Resources */ = {isa = PBXBuildFile; fileRef = B9B99F40226313D300314BB6 /* Loading.storyboard */; };
		B9B99F4322631C6C00314BB6 /* FIRAuthService.swift in Sources */ = {isa = PBXBuildFile; fileRef = B9B99F4222631C6C00314BB6 /* FIRAuthService.swift */; };
		B9B99F462263690C00314BB6 /* GroupObject.swift in Sources */ = {isa = PBXBuildFile; fileRef = B9B99F452263690C00314BB6 /* GroupObject.swift */; };
		B9B99F4822641FA100314BB6 /* HMCornerRadius.swift in Sources */ = {isa = PBXBuildFile; fileRef = B9B99F4722641FA100314BB6 /* HMCornerRadius.swift */; };
		B9B99F4B2264660100314BB6 /* UserDefault.swift in Sources */ = {isa = PBXBuildFile; fileRef = B9B99F4A2264660100314BB6 /* UserDefault.swift */; };
		B9B99F4D22648E4B00314BB6 /* GroupInfoInUser.swift in Sources */ = {isa = PBXBuildFile; fileRef = B9B99F4C22648E4B00314BB6 /* GroupInfoInUser.swift */; };
		B9D295D42258C18F00CF7869 /* TaskTracker.swift in Sources */ = {isa = PBXBuildFile; fileRef = B9D295D32258C18F00CF7869 /* TaskTracker.swift */; };
		B9D295D72258CD7D00CF7869 /* TaskListViewController.swift in Sources */ = {isa = PBXBuildFile; fileRef = B9D295D62258CD7D00CF7869 /* TaskListViewController.swift */; };
		B9D295D9225A3E1D00CF7869 /* GoogleService-Info.plist in Resources */ = {isa = PBXBuildFile; fileRef = B9D295D8225A3E1D00CF7869 /* GoogleService-Info.plist */; };
		B9D295DB225B003300CF7869 /* TaskListHeaderView.swift in Sources */ = {isa = PBXBuildFile; fileRef = B9D295DA225B003300CF7869 /* TaskListHeaderView.swift */; };
		B9D71AA022534D4F00F242DA /* AppDelegate.swift in Sources */ = {isa = PBXBuildFile; fileRef = B9D71A9F22534D4F00F242DA /* AppDelegate.swift */; };
		B9D71AA522534D4F00F242DA /* Main.storyboard in Resources */ = {isa = PBXBuildFile; fileRef = B9D71AA322534D4F00F242DA /* Main.storyboard */; };
		B9D71AA722534D5100F242DA /* Assets.xcassets in Resources */ = {isa = PBXBuildFile; fileRef = B9D71AA622534D5100F242DA /* Assets.xcassets */; };
		B9D71AAA22534D5100F242DA /* LaunchScreen.storyboard in Resources */ = {isa = PBXBuildFile; fileRef = B9D71AA822534D5100F242DA /* LaunchScreen.storyboard */; };
/* End PBXBuildFile section */

/* Begin PBXFileReference section */
		A0D5E2E1A5658A395EF06F5E /* Pods_HomeMates.framework */ = {isa = PBXFileReference; explicitFileType = wrapper.framework; includeInIndex = 0; path = Pods_HomeMates.framework; sourceTree = BUILT_PRODUCTS_DIR; };
		B91A695F22704A98008C9B66 /* Array+Extension.swift */ = {isa = PBXFileReference; lastKnownFileType = sourcecode.swift; path = "Array+Extension.swift"; sourceTree = "<group>"; };
		B91D3A992264ABD400C1A28F /* MemberObject.swift */ = {isa = PBXFileReference; lastKnownFileType = sourcecode.swift; path = MemberObject.swift; sourceTree = "<group>"; };
		B91D3A9B2264BF1300C1A28F /* String+Extension.swift */ = {isa = PBXFileReference; lastKnownFileType = sourcecode.swift; path = "String+Extension.swift"; sourceTree = "<group>"; };
		B91D3A9E2264CA0F00C1A28F /* ApplicationObject.swift */ = {isa = PBXFileReference; lastKnownFileType = sourcecode.swift; path = ApplicationObject.swift; sourceTree = "<group>"; };
		B91D3AA0226594EF00C1A28F /* UIAlertController+Extension.swift */ = {isa = PBXFileReference; lastKnownFileType = sourcecode.swift; path = "UIAlertController+Extension.swift"; sourceTree = "<group>"; };
		B91D3AF6226970AF00C1A28F /* TotalPointsTableViewCell.swift */ = {isa = PBXFileReference; lastKnownFileType = sourcecode.swift; path = TotalPointsTableViewCell.swift; sourceTree = "<group>"; };
		B91D3AF7226970AF00C1A28F /* TotalPointsTableViewCell.xib */ = {isa = PBXFileReference; lastKnownFileType = file.xib; path = TotalPointsTableViewCell.xib; sourceTree = "<group>"; };
		B91D3AFA22698CF700C1A28F /* PointGoalTableViewCell.swift */ = {isa = PBXFileReference; lastKnownFileType = sourcecode.swift; path = PointGoalTableViewCell.swift; sourceTree = "<group>"; };
		B91D3AFB22698CF700C1A28F /* PointGoalTableViewCell.xib */ = {isa = PBXFileReference; lastKnownFileType = file.xib; path = PointGoalTableViewCell.xib; sourceTree = "<group>"; };
		B91D3AFE2269B7DE00C1A28F /* DateProvider.swift */ = {isa = PBXFileReference; lastKnownFileType = sourcecode.swift; path = DateProvider.swift; sourceTree = "<group>"; };
		B91D3B002269BAF500C1A28F /* Date+Extension.swift */ = {isa = PBXFileReference; lastKnownFileType = sourcecode.swift; path = "Date+Extension.swift"; sourceTree = "<group>"; };
		B91D3B06226AE3BF00C1A28F /* TaskSettingsViewController.swift */ = {isa = PBXFileReference; lastKnownFileType = sourcecode.swift; path = TaskSettingsViewController.swift; sourceTree = "<group>"; };
		B91D3B09226AED2900C1A28F /* AddingTaskHeaderViewCell.swift */ = {isa = PBXFileReference; lastKnownFileType = sourcecode.swift; path = AddingTaskHeaderViewCell.swift; sourceTree = "<group>"; };
		B91D3B0A226AED2900C1A28F /* AddingTaskHeaderViewCell.xib */ = {isa = PBXFileReference; lastKnownFileType = file.xib; path = AddingTaskHeaderViewCell.xib; sourceTree = "<group>"; };
		B91D3B0D226B11F200C1A28F /* TaskListTableViewCell.swift */ = {isa = PBXFileReference; lastKnownFileType = sourcecode.swift; path = TaskListTableViewCell.swift; sourceTree = "<group>"; };
		B91D3B0E226B11F200C1A28F /* TaskListTableViewCell.xib */ = {isa = PBXFileReference; lastKnownFileType = file.xib; path = TaskListTableViewCell.xib; sourceTree = "<group>"; };
		B91D3B11226B62BC00C1A28F /* ProfileSettingsViewController.swift */ = {isa = PBXFileReference; lastKnownFileType = sourcecode.swift; path = ProfileSettingsViewController.swift; sourceTree = "<group>"; };
		B921CA72226D8CED001FA942 /* LobbySettingsViewController.swift */ = {isa = PBXFileReference; lastKnownFileType = sourcecode.swift; path = LobbySettingsViewController.swift; sourceTree = "<group>"; };
		B9261C782253858A0033ABC9 /* HMTabBarViewController.swift */ = {isa = PBXFileReference; lastKnownFileType = sourcecode.swift; path = HMTabBarViewController.swift; sourceTree = "<group>"; };
		B9261C7A225386030033ABC9 /* UIStoryboard+Extension.swift */ = {isa = PBXFileReference; lastKnownFileType = sourcecode.swift; path = "UIStoryboard+Extension.swift"; sourceTree = "<group>"; };
		B9261C7C225386810033ABC9 /* Task.storyboard */ = {isa = PBXFileReference; lastKnownFileType = file.storyboard; path = Task.storyboard; sourceTree = "<group>"; };
		B9261C7E225386930033ABC9 /* Profile.storyboard */ = {isa = PBXFileReference; lastKnownFileType = file.storyboard; path = Profile.storyboard; sourceTree = "<group>"; };
		B9261C80225386AF0033ABC9 /* More.storyboard */ = {isa = PBXFileReference; lastKnownFileType = file.storyboard; path = More.storyboard; sourceTree = "<group>"; };
		B9261C82225386C40033ABC9 /* Lobby.storyboard */ = {isa = PBXFileReference; lastKnownFileType = file.storyboard; path = Lobby.storyboard; sourceTree = "<group>"; };
		B9261C84225387070033ABC9 /* Statistics.storyboard */ = {isa = PBXFileReference; lastKnownFileType = file.storyboard; path = Statistics.storyboard; sourceTree = "<group>"; };
		B9261C86225389FB0033ABC9 /* UIImage+Extension.swift */ = {isa = PBXFileReference; lastKnownFileType = sourcecode.swift; path = "UIImage+Extension.swift"; sourceTree = "<group>"; };
		B9261C88225392C60033ABC9 /* UIColor+Extension.swift */ = {isa = PBXFileReference; lastKnownFileType = sourcecode.swift; path = "UIColor+Extension.swift"; sourceTree = "<group>"; };
		B9261C9122545A9D0033ABC9 /* TasksTableViewCell.swift */ = {isa = PBXFileReference; lastKnownFileType = sourcecode.swift; path = TasksTableViewCell.swift; sourceTree = "<group>"; };
		B9261C9222545A9D0033ABC9 /* TasksTableViewCell.xib */ = {isa = PBXFileReference; lastKnownFileType = file.xib; path = TasksTableViewCell.xib; sourceTree = "<group>"; };
		B9261C96225489110033ABC9 /* TaskObject.swift */ = {isa = PBXFileReference; lastKnownFileType = sourcecode.swift; path = TaskObject.swift; sourceTree = "<group>"; };
		B9261C9C225495840033ABC9 /* LobbyViewController.swift */ = {isa = PBXFileReference; lastKnownFileType = sourcecode.swift; path = LobbyViewController.swift; sourceTree = "<group>"; };
		B9261C9E2254C2B20033ABC9 /* TableView+Extension.swift */ = {isa = PBXFileReference; lastKnownFileType = sourcecode.swift; path = "TableView+Extension.swift"; sourceTree = "<group>"; };
		B93EA21F2272DC2F002F18A3 /* StatusBarSettings.swift */ = {isa = PBXFileReference; lastKnownFileType = sourcecode.swift; path = StatusBarSettings.swift; sourceTree = "<group>"; };
		B94D15A422560AA500F43B78 /* LobbyHeaderCell.swift */ = {isa = PBXFileReference; lastKnownFileType = sourcecode.swift; path = LobbyHeaderCell.swift; sourceTree = "<group>"; };
		B94D15A522560AA500F43B78 /* LobbyHeaderCell.xib */ = {isa = PBXFileReference; lastKnownFileType = file.xib; path = LobbyHeaderCell.xib; sourceTree = "<group>"; };
		B94D15AD225721C500F43B78 /* ProfileHeaderViewCell.swift */ = {isa = PBXFileReference; lastKnownFileType = sourcecode.swift; path = ProfileHeaderViewCell.swift; sourceTree = "<group>"; };
		B94D15AE225721C500F43B78 /* ProfileHeaderViewCell.xib */ = {isa = PBXFileReference; lastKnownFileType = file.xib; path = ProfileHeaderViewCell.xib; sourceTree = "<group>"; };
		B94D15B222572A2200F43B78 /* HMBaseViewController.swift */ = {isa = PBXFileReference; lastKnownFileType = sourcecode.swift; path = HMBaseViewController.swift; sourceTree = "<group>"; };
		B94D15BA225749B500F43B78 /* MJRefreshWrapper.swift */ = {isa = PBXFileReference; lastKnownFileType = sourcecode.swift; path = MJRefreshWrapper.swift; sourceTree = "<group>"; };
		B94D15BC225754C700F43B78 /* ProfileViewController.swift */ = {isa = PBXFileReference; lastKnownFileType = sourcecode.swift; name = ProfileViewController.swift; path = HomeMates/Controller/ProfileViewController.swift; sourceTree = SOURCE_ROOT; };
		B94D15C422585DA200F43B78 /* StatisticsViewController.swift */ = {isa = PBXFileReference; lastKnownFileType = sourcecode.swift; path = StatisticsViewController.swift; sourceTree = "<group>"; };
		B94D15C8225886FB00F43B78 /* EventCell.swift */ = {isa = PBXFileReference; lastKnownFileType = sourcecode.swift; path = EventCell.swift; sourceTree = "<group>"; };
		B94D15C9225886FB00F43B78 /* EventCell.xib */ = {isa = PBXFileReference; lastKnownFileType = file.xib; path = EventCell.xib; sourceTree = "<group>"; };
		B959F734226DA57B00D3CA68 /* GroupMemberTableViewCell.swift */ = {isa = PBXFileReference; lastKnownFileType = sourcecode.swift; path = GroupMemberTableViewCell.swift; sourceTree = "<group>"; };
		B959F735226DA57B00D3CA68 /* GroupMemberTableViewCell.xib */ = {isa = PBXFileReference; lastKnownFileType = file.xib; path = GroupMemberTableViewCell.xib; sourceTree = "<group>"; };
		B959F738226DD56900D3CA68 /* FirestoreGroupManager.swift */ = {isa = PBXFileReference; lastKnownFileType = sourcecode.swift; path = FirestoreGroupManager.swift; sourceTree = "<group>"; };
		B959F73C226EC3E000D3CA68 /* MonthsObject.swift */ = {isa = PBXFileReference; lastKnownFileType = sourcecode.swift; path = MonthsObject.swift; sourceTree = "<group>"; };
		B959F73E226EF6CA00D3CA68 /* FirestoreUserManager.swift */ = {isa = PBXFileReference; lastKnownFileType = sourcecode.swift; path = FirestoreUserManager.swift; sourceTree = "<group>"; };
		B98446C4226FF33100E5044A /* BlankTableViewCell.swift */ = {isa = PBXFileReference; lastKnownFileType = sourcecode.swift; path = BlankTableViewCell.swift; sourceTree = "<group>"; };
		B98446C5226FF33100E5044A /* BlankTableViewCell.xib */ = {isa = PBXFileReference; lastKnownFileType = file.xib; path = BlankTableViewCell.xib; sourceTree = "<group>"; };
		B98446CA22700DB700E5044A /* TaskRecordObject.swift */ = {isa = PBXFileReference; lastKnownFileType = sourcecode.swift; path = TaskRecordObject.swift; sourceTree = "<group>"; };
		B9B10D722258A1780081C856 /* UIView+Extension.swift */ = {isa = PBXFileReference; lastKnownFileType = sourcecode.swift; path = "UIView+Extension.swift"; sourceTree = "<group>"; };
		B9B7F52B225CAD5700A6DA9E /* TaskCellStatus.swift */ = {isa = PBXFileReference; lastKnownFileType = sourcecode.swift; path = TaskCellStatus.swift; sourceTree = "<group>"; };
		B9B7F52F225CC00000A6DA9E /* ChartsTableViewCell.swift */ = {isa = PBXFileReference; lastKnownFileType = sourcecode.swift; path = ChartsTableViewCell.swift; sourceTree = "<group>"; };
		B9B7F530225CC00000A6DA9E /* ChartsTableViewCell.xib */ = {isa = PBXFileReference; lastKnownFileType = file.xib; path = ChartsTableViewCell.xib; sourceTree = "<group>"; };
		B9B7F533225D933600A6DA9E /* TrackerTableViewCell.swift */ = {isa = PBXFileReference; lastKnownFileType = sourcecode.swift; path = TrackerTableViewCell.swift; sourceTree = "<group>"; };
		B9B7F534225D933600A6DA9E /* TrackerTableViewCell.xib */ = {isa = PBXFileReference; lastKnownFileType = file.xib; path = TrackerTableViewCell.xib; sourceTree = "<group>"; };
		B9B7F538225D95B500A6DA9E /* HMBaseTextField.swift */ = {isa = PBXFileReference; lastKnownFileType = sourcecode.swift; path = HMBaseTextField.swift; sourceTree = "<group>"; };
		B9B7F53D225DB6B900A6DA9E /* Auth.storyboard */ = {isa = PBXFileReference; lastKnownFileType = file.storyboard; path = Auth.storyboard; sourceTree = "<group>"; };
		B9B7F540225DB73D00A6DA9E /* AuthViewController.swift */ = {isa = PBXFileReference; lastKnownFileType = sourcecode.swift; path = AuthViewController.swift; sourceTree = "<group>"; };
		B9B7F544225DEA8200A6DA9E /* GroupSelectionViewController.swift */ = {isa = PBXFileReference; lastKnownFileType = sourcecode.swift; path = GroupSelectionViewController.swift; sourceTree = "<group>"; };
		B9B7F547225EEA8E00A6DA9E /* AlertService.swift */ = {isa = PBXFileReference; lastKnownFileType = sourcecode.swift; path = AlertService.swift; sourceTree = "<group>"; };
		B9B99F2F22602A3800314BB6 /* MoreViewController.swift */ = {isa = PBXFileReference; lastKnownFileType = sourcecode.swift; path = MoreViewController.swift; sourceTree = "<group>"; };
		B9B99F312261898D00314BB6 /* UserObject.swift */ = {isa = PBXFileReference; lastKnownFileType = sourcecode.swift; path = UserObject.swift; sourceTree = "<group>"; };
		B9B99F342262151100314BB6 /* FIRFirestoreService.swift */ = {isa = PBXFileReference; lastKnownFileType = sourcecode.swift; path = FIRFirestoreService.swift; sourceTree = "<group>"; };
		B9B99F362262C44B00314BB6 /* FIRCollectionReference.swift */ = {isa = PBXFileReference; lastKnownFileType = sourcecode.swift; path = FIRCollectionReference.swift; sourceTree = "<group>"; };
		B9B99F382262D51C00314BB6 /* Encodable+Extension.swift */ = {isa = PBXFileReference; lastKnownFileType = sourcecode.swift; path = "Encodable+Extension.swift"; sourceTree = "<group>"; };
		B9B99F3A2262DB0400314BB6 /* Snapshot+Entension.swift */ = {isa = PBXFileReference; lastKnownFileType = sourcecode.swift; path = "Snapshot+Entension.swift"; sourceTree = "<group>"; };
		B9B99F3C226311B000314BB6 /* LoadingViewController.swift */ = {isa = PBXFileReference; lastKnownFileType = sourcecode.swift; path = LoadingViewController.swift; sourceTree = "<group>"; };
		B9B99F40226313D300314BB6 /* Loading.storyboard */ = {isa = PBXFileReference; lastKnownFileType = file.storyboard; path = Loading.storyboard; sourceTree = "<group>"; };
		B9B99F4222631C6C00314BB6 /* FIRAuthService.swift */ = {isa = PBXFileReference; lastKnownFileType = sourcecode.swift; path = FIRAuthService.swift; sourceTree = "<group>"; };
		B9B99F452263690C00314BB6 /* GroupObject.swift */ = {isa = PBXFileReference; lastKnownFileType = sourcecode.swift; path = GroupObject.swift; sourceTree = "<group>"; };
		B9B99F4722641FA100314BB6 /* HMCornerRadius.swift */ = {isa = PBXFileReference; lastKnownFileType = sourcecode.swift; path = HMCornerRadius.swift; sourceTree = "<group>"; };
		B9B99F4A2264660100314BB6 /* UserDefault.swift */ = {isa = PBXFileReference; lastKnownFileType = sourcecode.swift; path = UserDefault.swift; sourceTree = "<group>"; };
		B9B99F4C22648E4B00314BB6 /* GroupInfoInUser.swift */ = {isa = PBXFileReference; lastKnownFileType = sourcecode.swift; path = GroupInfoInUser.swift; sourceTree = "<group>"; };
		B9D295D32258C18F00CF7869 /* TaskTracker.swift */ = {isa = PBXFileReference; lastKnownFileType = sourcecode.swift; path = TaskTracker.swift; sourceTree = "<group>"; };
		B9D295D62258CD7D00CF7869 /* TaskListViewController.swift */ = {isa = PBXFileReference; lastKnownFileType = sourcecode.swift; path = TaskListViewController.swift; sourceTree = "<group>"; };
		B9D295D8225A3E1D00CF7869 /* GoogleService-Info.plist */ = {isa = PBXFileReference; fileEncoding = 4; lastKnownFileType = text.plist.xml; path = "GoogleService-Info.plist"; sourceTree = "<group>"; };
		B9D295DA225B003300CF7869 /* TaskListHeaderView.swift */ = {isa = PBXFileReference; lastKnownFileType = sourcecode.swift; path = TaskListHeaderView.swift; sourceTree = "<group>"; };
		B9D71A9C22534D4F00F242DA /* HomeMates.app */ = {isa = PBXFileReference; explicitFileType = wrapper.application; includeInIndex = 0; path = HomeMates.app; sourceTree = BUILT_PRODUCTS_DIR; };
		B9D71A9F22534D4F00F242DA /* AppDelegate.swift */ = {isa = PBXFileReference; lastKnownFileType = sourcecode.swift; path = AppDelegate.swift; sourceTree = "<group>"; };
		B9D71AA422534D4F00F242DA /* Base */ = {isa = PBXFileReference; lastKnownFileType = file.storyboard; name = Base; path = Base.lproj/Main.storyboard; sourceTree = "<group>"; };
		B9D71AA622534D5100F242DA /* Assets.xcassets */ = {isa = PBXFileReference; lastKnownFileType = folder.assetcatalog; path = Assets.xcassets; sourceTree = "<group>"; };
		B9D71AA922534D5100F242DA /* Base */ = {isa = PBXFileReference; lastKnownFileType = file.storyboard; name = Base; path = Base.lproj/LaunchScreen.storyboard; sourceTree = "<group>"; };
		B9D71AAB22534D5100F242DA /* Info.plist */ = {isa = PBXFileReference; lastKnownFileType = text.plist.xml; path = Info.plist; sourceTree = "<group>"; };
		D95E51F3504518D6A60A4E46 /* Pods-HomeMates.debug.xcconfig */ = {isa = PBXFileReference; includeInIndex = 1; lastKnownFileType = text.xcconfig; name = "Pods-HomeMates.debug.xcconfig"; path = "Target Support Files/Pods-HomeMates/Pods-HomeMates.debug.xcconfig"; sourceTree = "<group>"; };
		E5C452DD2D14E69356D08726 /* Pods-HomeMates.release.xcconfig */ = {isa = PBXFileReference; includeInIndex = 1; lastKnownFileType = text.xcconfig; name = "Pods-HomeMates.release.xcconfig"; path = "Target Support Files/Pods-HomeMates/Pods-HomeMates.release.xcconfig"; sourceTree = "<group>"; };
/* End PBXFileReference section */

/* Begin PBXFrameworksBuildPhase section */
		B9D71A9922534D4F00F242DA /* Frameworks */ = {
			isa = PBXFrameworksBuildPhase;
			buildActionMask = 2147483647;
			files = (
				6E9B27DAC4A97C50CD1D1CFC /* Pods_HomeMates.framework in Frameworks */,
			);
			runOnlyForDeploymentPostprocessing = 0;
		};
/* End PBXFrameworksBuildPhase section */

/* Begin PBXGroup section */
		6027FDD169EC46F3E3A6B242 /* Frameworks */ = {
			isa = PBXGroup;
			children = (
				A0D5E2E1A5658A395EF06F5E /* Pods_HomeMates.framework */,
			);
			name = Frameworks;
			sourceTree = "<group>";
		};
		B91D3B08226AECF800C1A28F /* Task */ = {
			isa = PBXGroup;
			children = (
				B91D3B09226AED2900C1A28F /* AddingTaskHeaderViewCell.swift */,
				B91D3B0A226AED2900C1A28F /* AddingTaskHeaderViewCell.xib */,
				B91D3B0D226B11F200C1A28F /* TaskListTableViewCell.swift */,
				B91D3B0E226B11F200C1A28F /* TaskListTableViewCell.xib */,
			);
			path = Task;
			sourceTree = "<group>";
		};
		B9261C72225384A50033ABC9 /* Controller */ = {
			isa = PBXGroup;
			children = (
				B9B7F53F225DB71700A6DA9E /* Auth */,
				B9261C9B2254955A0033ABC9 /* Lobby */,
				B94D15B1225721D000F43B78 /* Profile */,
				B9D295D52258CD4C00CF7869 /* TaskList */,
				B94D15C322585D4400F43B78 /* Statistics */,
				B9B99F2C226029FE00314BB6 /* More */,
				B9261C772253856E0033ABC9 /* Base */,
			);
			path = Controller;
			sourceTree = "<group>";
		};
		B9261C73225384B60033ABC9 /* VIew */ = {
			isa = PBXGroup;
			children = (
				B9B7F537225D959700A6DA9E /* Base */,
				B9261C8C225446F50033ABC9 /* Lobby */,
				B94D15AC2257217E00F43B78 /* Profile */,
				B91D3B08226AECF800C1A28F /* Task */,
				B94D15BE22585B7100F43B78 /* Statistics */,
				B9D71AA322534D4F00F242DA /* Main.storyboard */,
				B9B7F53D225DB6B900A6DA9E /* Auth.storyboard */,
				B9261C82225386C40033ABC9 /* Lobby.storyboard */,
				B9261C7E225386930033ABC9 /* Profile.storyboard */,
				B9261C7C225386810033ABC9 /* Task.storyboard */,
				B9261C84225387070033ABC9 /* Statistics.storyboard */,
				B9261C80225386AF0033ABC9 /* More.storyboard */,
				B9D71AA822534D5100F242DA /* LaunchScreen.storyboard */,
				B9B99F40226313D300314BB6 /* Loading.storyboard */,
			);
			path = VIew;
			sourceTree = "<group>";
		};
		B9261C74225384BC0033ABC9 /* Model */ = {
			isa = PBXGroup;
			children = (
				B9B99F442263262900314BB6 /* Firestore */,
				B9B7F546225EEA7000A6DA9E /* AlertFunction */,
				B9B99F332261899900314BB6 /* UserObject */,
				B9B99F492264470300314BB6 /* GroupObject */,
				B9B7F52D225CAD6100A6DA9E /* TaskObject */,
				B91D3AFE2269B7DE00C1A28F /* DateProvider.swift */,
			);
			path = Model;
			sourceTree = "<group>";
		};
		B9261C75225385130033ABC9 /* Extension */ = {
			isa = PBXGroup;
			children = (
				B9261C7A225386030033ABC9 /* UIStoryboard+Extension.swift */,
				B9261C88225392C60033ABC9 /* UIColor+Extension.swift */,
				B9261C86225389FB0033ABC9 /* UIImage+Extension.swift */,
				B9261C9E2254C2B20033ABC9 /* TableView+Extension.swift */,
				B9B10D722258A1780081C856 /* UIView+Extension.swift */,
				B9B99F382262D51C00314BB6 /* Encodable+Extension.swift */,
				B9B99F3A2262DB0400314BB6 /* Snapshot+Entension.swift */,
				B91D3A9B2264BF1300C1A28F /* String+Extension.swift */,
				B91D3AA0226594EF00C1A28F /* UIAlertController+Extension.swift */,
				B91D3B002269BAF500C1A28F /* Date+Extension.swift */,
				B91A695F22704A98008C9B66 /* Array+Extension.swift */,
			);
			path = Extension;
			sourceTree = "<group>";
		};
		B9261C762253852C0033ABC9 /* Resource */ = {
			isa = PBXGroup;
			children = (
				B9D71AA622534D5100F242DA /* Assets.xcassets */,
			);
			path = Resource;
			sourceTree = "<group>";
		};
		B9261C772253856E0033ABC9 /* Base */ = {
			isa = PBXGroup;
			children = (
				B9B99F3C226311B000314BB6 /* LoadingViewController.swift */,
				B9261C782253858A0033ABC9 /* HMTabBarViewController.swift */,
				B94D15B222572A2200F43B78 /* HMBaseViewController.swift */,
			);
			path = Base;
			sourceTree = "<group>";
		};
		B9261C8C225446F50033ABC9 /* Lobby */ = {
			isa = PBXGroup;
			children = (
				B94D15A422560AA500F43B78 /* LobbyHeaderCell.swift */,
				B94D15A522560AA500F43B78 /* LobbyHeaderCell.xib */,
				B959F734226DA57B00D3CA68 /* GroupMemberTableViewCell.swift */,
				B959F735226DA57B00D3CA68 /* GroupMemberTableViewCell.xib */,
			);
			path = Lobby;
			sourceTree = "<group>";
		};
		B9261C9522545AA70033ABC9 /* TaskTableViewCell */ = {
			isa = PBXGroup;
			children = (
				B9261C9122545A9D0033ABC9 /* TasksTableViewCell.swift */,
				B9261C9222545A9D0033ABC9 /* TasksTableViewCell.xib */,
				B91D3AFA22698CF700C1A28F /* PointGoalTableViewCell.swift */,
				B91D3AFB22698CF700C1A28F /* PointGoalTableViewCell.xib */,
			);
			path = TaskTableViewCell;
			sourceTree = "<group>";
		};
		B9261C9B2254955A0033ABC9 /* Lobby */ = {
			isa = PBXGroup;
			children = (
				B9261C9C225495840033ABC9 /* LobbyViewController.swift */,
				B921CA72226D8CED001FA942 /* LobbySettingsViewController.swift */,
			);
			path = Lobby;
			sourceTree = "<group>";
		};
		B94D15AC2257217E00F43B78 /* Profile */ = {
			isa = PBXGroup;
			children = (
				B94D15AD225721C500F43B78 /* ProfileHeaderViewCell.swift */,
				B94D15AE225721C500F43B78 /* ProfileHeaderViewCell.xib */,
				B91D3AF6226970AF00C1A28F /* TotalPointsTableViewCell.swift */,
				B91D3AF7226970AF00C1A28F /* TotalPointsTableViewCell.xib */,
			);
			path = Profile;
			sourceTree = "<group>";
		};
		B94D15B1225721D000F43B78 /* Profile */ = {
			isa = PBXGroup;
			children = (
				B94D15BC225754C700F43B78 /* ProfileViewController.swift */,
				B91D3B11226B62BC00C1A28F /* ProfileSettingsViewController.swift */,
			);
			path = Profile;
			sourceTree = "<group>";
		};
		B94D15B42257327D00F43B78 /* Third-party framework */ = {
			isa = PBXGroup;
			children = (
				B94D15BA225749B500F43B78 /* MJRefreshWrapper.swift */,
			);
			path = "Third-party framework";
			sourceTree = "<group>";
		};
		B94D15BE22585B7100F43B78 /* Statistics */ = {
			isa = PBXGroup;
			children = (
				B94D15C8225886FB00F43B78 /* EventCell.swift */,
				B94D15C9225886FB00F43B78 /* EventCell.xib */,
				B9B7F52F225CC00000A6DA9E /* ChartsTableViewCell.swift */,
				B9B7F530225CC00000A6DA9E /* ChartsTableViewCell.xib */,
				B9B7F533225D933600A6DA9E /* TrackerTableViewCell.swift */,
				B9B7F534225D933600A6DA9E /* TrackerTableViewCell.xib */,
			);
			path = Statistics;
			sourceTree = "<group>";
		};
		B94D15C322585D4400F43B78 /* Statistics */ = {
			isa = PBXGroup;
			children = (
				B94D15C422585DA200F43B78 /* StatisticsViewController.swift */,
			);
			path = Statistics;
			sourceTree = "<group>";
		};
		B9B7F52D225CAD6100A6DA9E /* TaskObject */ = {
			isa = PBXGroup;
			children = (
				B9B7F52B225CAD5700A6DA9E /* TaskCellStatus.swift */,
				B9261C96225489110033ABC9 /* TaskObject.swift */,
				B9D295D32258C18F00CF7869 /* TaskTracker.swift */,
				B98446CA22700DB700E5044A /* TaskRecordObject.swift */,
			);
			path = TaskObject;
			sourceTree = "<group>";
		};
		B9B7F537225D959700A6DA9E /* Base */ = {
			isa = PBXGroup;
			children = (
				B9B7F538225D95B500A6DA9E /* HMBaseTextField.swift */,
				B93EA21F2272DC2F002F18A3 /* StatusBarSettings.swift */,
				B9261C9522545AA70033ABC9 /* TaskTableViewCell */,
				B9B7F53B225D95DC00A6DA9E /* TaskHeaderView */,
				B9B7F53A225D95CC00A6DA9E /* HMBaseTextField */,
				B98446C4226FF33100E5044A /* BlankTableViewCell.swift */,
				B98446C5226FF33100E5044A /* BlankTableViewCell.xib */,
			);
			path = Base;
			sourceTree = "<group>";
		};
		B9B7F53A225D95CC00A6DA9E /* HMBaseTextField */ = {
			isa = PBXGroup;
			children = (
				B9B99F4722641FA100314BB6 /* HMCornerRadius.swift */,
			);
			path = HMBaseTextField;
			sourceTree = "<group>";
		};
		B9B7F53B225D95DC00A6DA9E /* TaskHeaderView */ = {
			isa = PBXGroup;
			children = (
				B9D295DA225B003300CF7869 /* TaskListHeaderView.swift */,
			);
			path = TaskHeaderView;
			sourceTree = "<group>";
		};
		B9B7F53F225DB71700A6DA9E /* Auth */ = {
			isa = PBXGroup;
			children = (
				B9B7F540225DB73D00A6DA9E /* AuthViewController.swift */,
				B9B7F544225DEA8200A6DA9E /* GroupSelectionViewController.swift */,
			);
			path = Auth;
			sourceTree = "<group>";
		};
		B9B7F546225EEA7000A6DA9E /* AlertFunction */ = {
			isa = PBXGroup;
			children = (
				B9B7F547225EEA8E00A6DA9E /* AlertService.swift */,
			);
			path = AlertFunction;
			sourceTree = "<group>";
		};
		B9B99F2C226029FE00314BB6 /* More */ = {
			isa = PBXGroup;
			children = (
				B9B99F2F22602A3800314BB6 /* MoreViewController.swift */,
			);
			path = More;
			sourceTree = "<group>";
		};
		B9B99F332261899900314BB6 /* UserObject */ = {
			isa = PBXGroup;
			children = (
				B9B99F4A2264660100314BB6 /* UserDefault.swift */,
				B9B99F312261898D00314BB6 /* UserObject.swift */,
				B959F73C226EC3E000D3CA68 /* MonthsObject.swift */,
			);
			path = UserObject;
			sourceTree = "<group>";
		};
		B9B99F442263262900314BB6 /* Firestore */ = {
			isa = PBXGroup;
			children = (
				B9B99F342262151100314BB6 /* FIRFirestoreService.swift */,
				B9B99F4222631C6C00314BB6 /* FIRAuthService.swift */,
				B959F738226DD56900D3CA68 /* FirestoreGroupManager.swift */,
				B959F73E226EF6CA00D3CA68 /* FirestoreUserManager.swift */,
				B9B99F362262C44B00314BB6 /* FIRCollectionReference.swift */,
			);
			path = Firestore;
			sourceTree = "<group>";
		};
		B9B99F492264470300314BB6 /* GroupObject */ = {
			isa = PBXGroup;
			children = (
				B9B99F452263690C00314BB6 /* GroupObject.swift */,
				B9B99F4C22648E4B00314BB6 /* GroupInfoInUser.swift */,
				B91D3A992264ABD400C1A28F /* MemberObject.swift */,
				B91D3A9E2264CA0F00C1A28F /* ApplicationObject.swift */,
			);
			path = GroupObject;
			sourceTree = "<group>";
		};
		B9D295D52258CD4C00CF7869 /* TaskList */ = {
			isa = PBXGroup;
			children = (
				B9D295D62258CD7D00CF7869 /* TaskListViewController.swift */,
				B91D3B06226AE3BF00C1A28F /* TaskSettingsViewController.swift */,
			);
			path = TaskList;
			sourceTree = "<group>";
		};
		B9D71A9322534D4F00F242DA = {
			isa = PBXGroup;
			children = (
				B9D71A9E22534D4F00F242DA /* HomeMates */,
				B9D71A9D22534D4F00F242DA /* Products */,
				C75B0ED5492584CA900C8D58 /* Pods */,
				6027FDD169EC46F3E3A6B242 /* Frameworks */,
			);
			sourceTree = "<group>";
		};
		B9D71A9D22534D4F00F242DA /* Products */ = {
			isa = PBXGroup;
			children = (
				B9D71A9C22534D4F00F242DA /* HomeMates.app */,
			);
			name = Products;
			sourceTree = "<group>";
		};
		B9D71A9E22534D4F00F242DA /* HomeMates */ = {
			isa = PBXGroup;
			children = (
				B94D15B42257327D00F43B78 /* Third-party framework */,
				B9261C762253852C0033ABC9 /* Resource */,
				B9261C75225385130033ABC9 /* Extension */,
				B9261C74225384BC0033ABC9 /* Model */,
				B9261C72225384A50033ABC9 /* Controller */,
				B9261C73225384B60033ABC9 /* VIew */,
				B9D71A9F22534D4F00F242DA /* AppDelegate.swift */,
				B9D71AAB22534D5100F242DA /* Info.plist */,
				B9D295D8225A3E1D00CF7869 /* GoogleService-Info.plist */,
			);
			path = HomeMates;
			sourceTree = "<group>";
		};
		C75B0ED5492584CA900C8D58 /* Pods */ = {
			isa = PBXGroup;
			children = (
				D95E51F3504518D6A60A4E46 /* Pods-HomeMates.debug.xcconfig */,
				E5C452DD2D14E69356D08726 /* Pods-HomeMates.release.xcconfig */,
			);
			path = Pods;
			sourceTree = "<group>";
		};
/* End PBXGroup section */

/* Begin PBXNativeTarget section */
		B9D71A9B22534D4F00F242DA /* HomeMates */ = {
			isa = PBXNativeTarget;
			buildConfigurationList = B9D71AAE22534D5100F242DA /* Build configuration list for PBXNativeTarget "HomeMates" */;
			buildPhases = (
				93A4507F3EF7B890DACBC5D6 /* [CP] Check Pods Manifest.lock */,
				B9D71A9822534D4F00F242DA /* Sources */,
				B9D71A9922534D4F00F242DA /* Frameworks */,
				B9D71A9A22534D4F00F242DA /* Resources */,
				B756100DE390F1E6304BDA6B /* [CP] Embed Pods Frameworks */,
				B9B7F529225C993A00A6DA9E /* SwiftLint */,
			);
			buildRules = (
			);
			dependencies = (
			);
			name = HomeMates;
			productName = HomeMates;
			productReference = B9D71A9C22534D4F00F242DA /* HomeMates.app */;
			productType = "com.apple.product-type.application";
		};
/* End PBXNativeTarget section */

/* Begin PBXProject section */
		B9D71A9422534D4F00F242DA /* Project object */ = {
			isa = PBXProject;
			attributes = {
				LastSwiftUpdateCheck = 1020;
				LastUpgradeCheck = 1020;
				ORGANIZATIONNAME = "Fu-Chiung HSU";
				TargetAttributes = {
					B9D71A9B22534D4F00F242DA = {
						CreatedOnToolsVersion = 10.2;
					};
				};
			};
			buildConfigurationList = B9D71A9722534D4F00F242DA /* Build configuration list for PBXProject "HomeMates" */;
			compatibilityVersion = "Xcode 9.3";
			developmentRegion = en;
			hasScannedForEncodings = 0;
			knownRegions = (
				en,
				Base,
			);
			mainGroup = B9D71A9322534D4F00F242DA;
			productRefGroup = B9D71A9D22534D4F00F242DA /* Products */;
			projectDirPath = "";
			projectRoot = "";
			targets = (
				B9D71A9B22534D4F00F242DA /* HomeMates */,
			);
		};
/* End PBXProject section */

/* Begin PBXResourcesBuildPhase section */
		B9D71A9A22534D4F00F242DA /* Resources */ = {
			isa = PBXResourcesBuildPhase;
			buildActionMask = 2147483647;
			files = (
				B9D71AAA22534D5100F242DA /* LaunchScreen.storyboard in Resources */,
				B9261C81225386AF0033ABC9 /* More.storyboard in Resources */,
				B9D295D9225A3E1D00CF7869 /* GoogleService-Info.plist in Resources */,
				B91D3AFD22698CF700C1A28F /* PointGoalTableViewCell.xib in Resources */,
				B9261C7D225386810033ABC9 /* Task.storyboard in Resources */,
				B94D15A722560AA500F43B78 /* LobbyHeaderCell.xib in Resources */,
				B91D3B0C226AED2900C1A28F /* AddingTaskHeaderViewCell.xib in Resources */,
				B9261C7F225386930033ABC9 /* Profile.storyboard in Resources */,
				B9B7F532225CC00000A6DA9E /* ChartsTableViewCell.xib in Resources */,
				B959F737226DA57B00D3CA68 /* GroupMemberTableViewCell.xib in Resources */,
				B9D71AA722534D5100F242DA /* Assets.xcassets in Resources */,
				B9B7F53E225DB6B900A6DA9E /* Auth.storyboard in Resources */,
				B94D15B0225721C500F43B78 /* ProfileHeaderViewCell.xib in Resources */,
				B98446C7226FF33100E5044A /* BlankTableViewCell.xib in Resources */,
				B9261C9422545A9D0033ABC9 /* TasksTableViewCell.xib in Resources */,
				B9261C83225386C40033ABC9 /* Lobby.storyboard in Resources */,
				B9D71AA522534D4F00F242DA /* Main.storyboard in Resources */,
				B91D3B10226B11F200C1A28F /* TaskListTableViewCell.xib in Resources */,
				B9B99F41226313D300314BB6 /* Loading.storyboard in Resources */,
				B91D3AF9226970AF00C1A28F /* TotalPointsTableViewCell.xib in Resources */,
				B94D15CB225886FB00F43B78 /* EventCell.xib in Resources */,
				B9261C85225387070033ABC9 /* Statistics.storyboard in Resources */,
				B9B7F536225D933600A6DA9E /* TrackerTableViewCell.xib in Resources */,
			);
			runOnlyForDeploymentPostprocessing = 0;
		};
/* End PBXResourcesBuildPhase section */

/* Begin PBXShellScriptBuildPhase section */
		93A4507F3EF7B890DACBC5D6 /* [CP] Check Pods Manifest.lock */ = {
			isa = PBXShellScriptBuildPhase;
			buildActionMask = 2147483647;
			files = (
			);
			inputFileListPaths = (
			);
			inputPaths = (
				"${PODS_PODFILE_DIR_PATH}/Podfile.lock",
				"${PODS_ROOT}/Manifest.lock",
			);
			name = "[CP] Check Pods Manifest.lock";
			outputFileListPaths = (
			);
			outputPaths = (
				"$(DERIVED_FILE_DIR)/Pods-HomeMates-checkManifestLockResult.txt",
			);
			runOnlyForDeploymentPostprocessing = 0;
			shellPath = /bin/sh;
			shellScript = "diff \"${PODS_PODFILE_DIR_PATH}/Podfile.lock\" \"${PODS_ROOT}/Manifest.lock\" > /dev/null\nif [ $? != 0 ] ; then\n    # print error to STDERR\n    echo \"error: The sandbox is not in sync with the Podfile.lock. Run 'pod install' or update your CocoaPods installation.\" >&2\n    exit 1\nfi\n# This output is used by Xcode 'outputs' to avoid re-running this script phase.\necho \"SUCCESS\" > \"${SCRIPT_OUTPUT_FILE_0}\"\n";
			showEnvVarsInLog = 0;
		};
		B756100DE390F1E6304BDA6B /* [CP] Embed Pods Frameworks */ = {
			isa = PBXShellScriptBuildPhase;
			buildActionMask = 2147483647;
			files = (
			);
			inputFileListPaths = (
			);
			inputPaths = (
				"${PODS_ROOT}/Target Support Files/Pods-HomeMates/Pods-HomeMates-frameworks.sh",
				"${BUILT_PRODUCTS_DIR}/BoringSSL-GRPC/openssl_grpc.framework",
				"${BUILT_PRODUCTS_DIR}/Charts/Charts.framework",
				"${BUILT_PRODUCTS_DIR}/FSCalendar/FSCalendar.framework",
				"${BUILT_PRODUCTS_DIR}/GTMSessionFetcher/GTMSessionFetcher.framework",
				"${BUILT_PRODUCTS_DIR}/GoogleUtilities/GoogleUtilities.framework",
				"${BUILT_PRODUCTS_DIR}/IQKeyboardManager/IQKeyboardManager.framework",
				"${BUILT_PRODUCTS_DIR}/JGProgressHUD/JGProgressHUD.framework",
				"${BUILT_PRODUCTS_DIR}/MJRefresh/MJRefresh.framework",
				"${BUILT_PRODUCTS_DIR}/Protobuf/Protobuf.framework",
				"${BUILT_PRODUCTS_DIR}/gRPC-C++/grpcpp.framework",
				"${BUILT_PRODUCTS_DIR}/gRPC-Core/grpc.framework",
				"${BUILT_PRODUCTS_DIR}/leveldb-library/leveldb.framework",
				"${BUILT_PRODUCTS_DIR}/nanopb/nanopb.framework",
			);
			name = "[CP] Embed Pods Frameworks";
			outputFileListPaths = (
			);
			outputPaths = (
				"${TARGET_BUILD_DIR}/${FRAMEWORKS_FOLDER_PATH}/openssl_grpc.framework",
				"${TARGET_BUILD_DIR}/${FRAMEWORKS_FOLDER_PATH}/Charts.framework",
				"${TARGET_BUILD_DIR}/${FRAMEWORKS_FOLDER_PATH}/FSCalendar.framework",
				"${TARGET_BUILD_DIR}/${FRAMEWORKS_FOLDER_PATH}/GTMSessionFetcher.framework",
				"${TARGET_BUILD_DIR}/${FRAMEWORKS_FOLDER_PATH}/GoogleUtilities.framework",
				"${TARGET_BUILD_DIR}/${FRAMEWORKS_FOLDER_PATH}/IQKeyboardManager.framework",
				"${TARGET_BUILD_DIR}/${FRAMEWORKS_FOLDER_PATH}/JGProgressHUD.framework",
				"${TARGET_BUILD_DIR}/${FRAMEWORKS_FOLDER_PATH}/MJRefresh.framework",
				"${TARGET_BUILD_DIR}/${FRAMEWORKS_FOLDER_PATH}/Protobuf.framework",
				"${TARGET_BUILD_DIR}/${FRAMEWORKS_FOLDER_PATH}/grpcpp.framework",
				"${TARGET_BUILD_DIR}/${FRAMEWORKS_FOLDER_PATH}/grpc.framework",
				"${TARGET_BUILD_DIR}/${FRAMEWORKS_FOLDER_PATH}/leveldb.framework",
				"${TARGET_BUILD_DIR}/${FRAMEWORKS_FOLDER_PATH}/nanopb.framework",
			);
			runOnlyForDeploymentPostprocessing = 0;
			shellPath = /bin/sh;
			shellScript = "\"${PODS_ROOT}/Target Support Files/Pods-HomeMates/Pods-HomeMates-frameworks.sh\"\n";
			showEnvVarsInLog = 0;
		};
		B9B7F529225C993A00A6DA9E /* SwiftLint */ = {
			isa = PBXShellScriptBuildPhase;
			buildActionMask = 2147483647;
			files = (
			);
			inputFileListPaths = (
			);
			inputPaths = (
			);
			name = SwiftLint;
			outputFileListPaths = (
			);
			outputPaths = (
			);
			runOnlyForDeploymentPostprocessing = 0;
			shellPath = /bin/sh;
			shellScript = "\"${PODS_ROOT}/SwiftLint/swiftlint\"\n";
		};
/* End PBXShellScriptBuildPhase section */

/* Begin PBXSourcesBuildPhase section */
		B9D71A9822534D4F00F242DA /* Sources */ = {
			isa = PBXSourcesBuildPhase;
			buildActionMask = 2147483647;
			files = (
				B9D295DB225B003300CF7869 /* TaskListHeaderView.swift in Sources */,
				B9261C9D225495840033ABC9 /* LobbyViewController.swift in Sources */,
				B9B7F548225EEA8E00A6DA9E /* AlertService.swift in Sources */,
				B9B99F372262C44B00314BB6 /* FIRCollectionReference.swift in Sources */,
				B959F739226DD56900D3CA68 /* FirestoreGroupManager.swift in Sources */,
				B9B99F4322631C6C00314BB6 /* FIRAuthService.swift in Sources */,
				B9B7F535225D933600A6DA9E /* TrackerTableViewCell.swift in Sources */,
				B9D295D72258CD7D00CF7869 /* TaskListViewController.swift in Sources */,
				B91A696022704A98008C9B66 /* Array+Extension.swift in Sources */,
				B98446CB22700DB700E5044A /* TaskRecordObject.swift in Sources */,
				B91D3A9F2264CA0F00C1A28F /* ApplicationObject.swift in Sources */,
				B9B99F4D22648E4B00314BB6 /* GroupInfoInUser.swift in Sources */,
				B9D71AA022534D4F00F242DA /* AppDelegate.swift in Sources */,
				B9261C97225489110033ABC9 /* TaskObject.swift in Sources */,
				B9D295D42258C18F00CF7869 /* TaskTracker.swift in Sources */,
				B9B99F3B2262DB0400314BB6 /* Snapshot+Entension.swift in Sources */,
				B959F73F226EF6CA00D3CA68 /* FirestoreUserManager.swift in Sources */,
				B959F73D226EC3E000D3CA68 /* MonthsObject.swift in Sources */,
				B93EA2202272DC2F002F18A3 /* StatusBarSettings.swift in Sources */,
				B9261C87225389FB0033ABC9 /* UIImage+Extension.swift in Sources */,
				B94D15BD225754C700F43B78 /* ProfileViewController.swift in Sources */,
				B9B7F539225D95B500A6DA9E /* HMBaseTextField.swift in Sources */,
				B94D15BB225749B500F43B78 /* MJRefreshWrapper.swift in Sources */,
				B9261C89225392C60033ABC9 /* UIColor+Extension.swift in Sources */,
				B9B99F4B2264660100314BB6 /* UserDefault.swift in Sources */,
				B9261C9322545A9D0033ABC9 /* TasksTableViewCell.swift in Sources */,
				B91D3AA1226594EF00C1A28F /* UIAlertController+Extension.swift in Sources */,
				B91D3AFF2269B7DE00C1A28F /* DateProvider.swift in Sources */,
				B9B99F392262D51C00314BB6 /* Encodable+Extension.swift in Sources */,
				B91D3B07226AE3BF00C1A28F /* TaskSettingsViewController.swift in Sources */,
				B9B7F545225DEA8200A6DA9E /* GroupSelectionViewController.swift in Sources */,
				B94D15C522585DA200F43B78 /* StatisticsViewController.swift in Sources */,
				B9B99F3E226311B000314BB6 /* LoadingViewController.swift in Sources */,
				B9B7F52C225CAD5700A6DA9E /* TaskCellStatus.swift in Sources */,
				B9B99F322261898D00314BB6 /* UserObject.swift in Sources */,
				B94D15A622560AA500F43B78 /* LobbyHeaderCell.swift in Sources */,
				B959F736226DA57B00D3CA68 /* GroupMemberTableViewCell.swift in Sources */,
				B9B7F531225CC00000A6DA9E /* ChartsTableViewCell.swift in Sources */,
				B921CA73226D8CED001FA942 /* LobbySettingsViewController.swift in Sources */,
				B91D3B012269BAF500C1A28F /* Date+Extension.swift in Sources */,
				B9B7F541225DB73D00A6DA9E /* AuthViewController.swift in Sources */,
				B94D15B322572A2200F43B78 /* HMBaseViewController.swift in Sources */,
				B9B99F3022602A3800314BB6 /* MoreViewController.swift in Sources */,
				B9B99F462263690C00314BB6 /* GroupObject.swift in Sources */,
				B91D3AF8226970AF00C1A28F /* TotalPointsTableViewCell.swift in Sources */,
				B9B10D732258A1780081C856 /* UIView+Extension.swift in Sources */,
				B91D3B0F226B11F200C1A28F /* TaskListTableViewCell.swift in Sources */,
				B9261C7B225386030033ABC9 /* UIStoryboard+Extension.swift in Sources */,
				B9B99F352262151100314BB6 /* FIRFirestoreService.swift in Sources */,
				B91D3B0B226AED2900C1A28F /* AddingTaskHeaderViewCell.swift in Sources */,
				B91D3B12226B62BC00C1A28F /* ProfileSettingsViewController.swift in Sources */,
				B98446C6226FF33100E5044A /* BlankTableViewCell.swift in Sources */,
				B94D15CA225886FB00F43B78 /* EventCell.swift in Sources */,
				B9B99F4822641FA100314BB6 /* HMCornerRadius.swift in Sources */,
				B91D3A9A2264ABD400C1A28F /* MemberObject.swift in Sources */,
				B94D15AF225721C500F43B78 /* ProfileHeaderViewCell.swift in Sources */,
				B91D3AFC22698CF700C1A28F /* PointGoalTableViewCell.swift in Sources */,
				B9261C792253858A0033ABC9 /* HMTabBarViewController.swift in Sources */,
				B9261C9F2254C2B20033ABC9 /* TableView+Extension.swift in Sources */,
				B91D3A9C2264BF1300C1A28F /* String+Extension.swift in Sources */,
			);
			runOnlyForDeploymentPostprocessing = 0;
		};
/* End PBXSourcesBuildPhase section */

/* Begin PBXVariantGroup section */
		B9D71AA322534D4F00F242DA /* Main.storyboard */ = {
			isa = PBXVariantGroup;
			children = (
				B9D71AA422534D4F00F242DA /* Base */,
			);
			name = Main.storyboard;
			sourceTree = "<group>";
		};
		B9D71AA822534D5100F242DA /* LaunchScreen.storyboard */ = {
			isa = PBXVariantGroup;
			children = (
				B9D71AA922534D5100F242DA /* Base */,
			);
			name = LaunchScreen.storyboard;
			sourceTree = "<group>";
		};
/* End PBXVariantGroup section */

/* Begin XCBuildConfiguration section */
		B9D71AAC22534D5100F242DA /* Debug */ = {
			isa = XCBuildConfiguration;
			buildSettings = {
				ALWAYS_SEARCH_USER_PATHS = NO;
				CLANG_ANALYZER_NONNULL = YES;
				CLANG_ANALYZER_NUMBER_OBJECT_CONVERSION = YES_AGGRESSIVE;
				CLANG_CXX_LANGUAGE_STANDARD = "gnu++14";
				CLANG_CXX_LIBRARY = "libc++";
				CLANG_ENABLE_MODULES = YES;
				CLANG_ENABLE_OBJC_ARC = YES;
				CLANG_ENABLE_OBJC_WEAK = YES;
				CLANG_WARN_BLOCK_CAPTURE_AUTORELEASING = YES;
				CLANG_WARN_BOOL_CONVERSION = YES;
				CLANG_WARN_COMMA = YES;
				CLANG_WARN_CONSTANT_CONVERSION = YES;
				CLANG_WARN_DEPRECATED_OBJC_IMPLEMENTATIONS = YES;
				CLANG_WARN_DIRECT_OBJC_ISA_USAGE = YES_ERROR;
				CLANG_WARN_DOCUMENTATION_COMMENTS = YES;
				CLANG_WARN_EMPTY_BODY = YES;
				CLANG_WARN_ENUM_CONVERSION = YES;
				CLANG_WARN_INFINITE_RECURSION = YES;
				CLANG_WARN_INT_CONVERSION = YES;
				CLANG_WARN_NON_LITERAL_NULL_CONVERSION = YES;
				CLANG_WARN_OBJC_IMPLICIT_RETAIN_SELF = YES;
				CLANG_WARN_OBJC_LITERAL_CONVERSION = YES;
				CLANG_WARN_OBJC_ROOT_CLASS = YES_ERROR;
				CLANG_WARN_RANGE_LOOP_ANALYSIS = YES;
				CLANG_WARN_STRICT_PROTOTYPES = YES;
				CLANG_WARN_SUSPICIOUS_MOVE = YES;
				CLANG_WARN_UNGUARDED_AVAILABILITY = YES_AGGRESSIVE;
				CLANG_WARN_UNREACHABLE_CODE = YES;
				CLANG_WARN__DUPLICATE_METHOD_MATCH = YES;
				CODE_SIGN_IDENTITY = "iPhone Developer";
				COPY_PHASE_STRIP = NO;
				DEBUG_INFORMATION_FORMAT = dwarf;
				ENABLE_STRICT_OBJC_MSGSEND = YES;
				ENABLE_TESTABILITY = YES;
				GCC_C_LANGUAGE_STANDARD = gnu11;
				GCC_DYNAMIC_NO_PIC = NO;
				GCC_NO_COMMON_BLOCKS = YES;
				GCC_OPTIMIZATION_LEVEL = 0;
				GCC_PREPROCESSOR_DEFINITIONS = (
					"DEBUG=1",
					"$(inherited)",
				);
				GCC_WARN_64_TO_32_BIT_CONVERSION = YES;
				GCC_WARN_ABOUT_RETURN_TYPE = YES_ERROR;
				GCC_WARN_UNDECLARED_SELECTOR = YES;
				GCC_WARN_UNINITIALIZED_AUTOS = YES_AGGRESSIVE;
				GCC_WARN_UNUSED_FUNCTION = YES;
				GCC_WARN_UNUSED_VARIABLE = YES;
				IPHONEOS_DEPLOYMENT_TARGET = 12.2;
				MTL_ENABLE_DEBUG_INFO = INCLUDE_SOURCE;
				MTL_FAST_MATH = YES;
				ONLY_ACTIVE_ARCH = YES;
				SDKROOT = iphoneos;
				SWIFT_ACTIVE_COMPILATION_CONDITIONS = DEBUG;
				SWIFT_OPTIMIZATION_LEVEL = "-Onone";
			};
			name = Debug;
		};
		B9D71AAD22534D5100F242DA /* Release */ = {
			isa = XCBuildConfiguration;
			buildSettings = {
				ALWAYS_SEARCH_USER_PATHS = NO;
				CLANG_ANALYZER_NONNULL = YES;
				CLANG_ANALYZER_NUMBER_OBJECT_CONVERSION = YES_AGGRESSIVE;
				CLANG_CXX_LANGUAGE_STANDARD = "gnu++14";
				CLANG_CXX_LIBRARY = "libc++";
				CLANG_ENABLE_MODULES = YES;
				CLANG_ENABLE_OBJC_ARC = YES;
				CLANG_ENABLE_OBJC_WEAK = YES;
				CLANG_WARN_BLOCK_CAPTURE_AUTORELEASING = YES;
				CLANG_WARN_BOOL_CONVERSION = YES;
				CLANG_WARN_COMMA = YES;
				CLANG_WARN_CONSTANT_CONVERSION = YES;
				CLANG_WARN_DEPRECATED_OBJC_IMPLEMENTATIONS = YES;
				CLANG_WARN_DIRECT_OBJC_ISA_USAGE = YES_ERROR;
				CLANG_WARN_DOCUMENTATION_COMMENTS = YES;
				CLANG_WARN_EMPTY_BODY = YES;
				CLANG_WARN_ENUM_CONVERSION = YES;
				CLANG_WARN_INFINITE_RECURSION = YES;
				CLANG_WARN_INT_CONVERSION = YES;
				CLANG_WARN_NON_LITERAL_NULL_CONVERSION = YES;
				CLANG_WARN_OBJC_IMPLICIT_RETAIN_SELF = YES;
				CLANG_WARN_OBJC_LITERAL_CONVERSION = YES;
				CLANG_WARN_OBJC_ROOT_CLASS = YES_ERROR;
				CLANG_WARN_RANGE_LOOP_ANALYSIS = YES;
				CLANG_WARN_STRICT_PROTOTYPES = YES;
				CLANG_WARN_SUSPICIOUS_MOVE = YES;
				CLANG_WARN_UNGUARDED_AVAILABILITY = YES_AGGRESSIVE;
				CLANG_WARN_UNREACHABLE_CODE = YES;
				CLANG_WARN__DUPLICATE_METHOD_MATCH = YES;
				CODE_SIGN_IDENTITY = "iPhone Developer";
				COPY_PHASE_STRIP = NO;
				DEBUG_INFORMATION_FORMAT = "dwarf-with-dsym";
				ENABLE_NS_ASSERTIONS = NO;
				ENABLE_STRICT_OBJC_MSGSEND = YES;
				GCC_C_LANGUAGE_STANDARD = gnu11;
				GCC_NO_COMMON_BLOCKS = YES;
				GCC_WARN_64_TO_32_BIT_CONVERSION = YES;
				GCC_WARN_ABOUT_RETURN_TYPE = YES_ERROR;
				GCC_WARN_UNDECLARED_SELECTOR = YES;
				GCC_WARN_UNINITIALIZED_AUTOS = YES_AGGRESSIVE;
				GCC_WARN_UNUSED_FUNCTION = YES;
				GCC_WARN_UNUSED_VARIABLE = YES;
				IPHONEOS_DEPLOYMENT_TARGET = 12.2;
				MTL_ENABLE_DEBUG_INFO = NO;
				MTL_FAST_MATH = YES;
				SDKROOT = iphoneos;
				SWIFT_COMPILATION_MODE = wholemodule;
				SWIFT_OPTIMIZATION_LEVEL = "-O";
				VALIDATE_PRODUCT = YES;
			};
			name = Release;
		};
		B9D71AAF22534D5100F242DA /* Debug */ = {
			isa = XCBuildConfiguration;
			baseConfigurationReference = D95E51F3504518D6A60A4E46 /* Pods-HomeMates.debug.xcconfig */;
			buildSettings = {
				ASSETCATALOG_COMPILER_APPICON_NAME = AppIcon;
				CODE_SIGN_STYLE = Automatic;
				DEVELOPMENT_TEAM = R66LF8J636;
				INFOPLIST_FILE = HomeMates/Info.plist;
				IPHONEOS_DEPLOYMENT_TARGET = 12.1;
				LD_RUNPATH_SEARCH_PATHS = (
					"$(inherited)",
					"@executable_path/Frameworks",
				);
				PRODUCT_BUNDLE_IDENTIFIER = com.Jacqueline.HomeMates;
				PRODUCT_NAME = "$(TARGET_NAME)";
				SWIFT_VERSION = 5.0;
				TARGETED_DEVICE_FAMILY = "1,2";
			};
			name = Debug;
		};
		B9D71AB022534D5100F242DA /* Release */ = {
			isa = XCBuildConfiguration;
			baseConfigurationReference = E5C452DD2D14E69356D08726 /* Pods-HomeMates.release.xcconfig */;
			buildSettings = {
				ASSETCATALOG_COMPILER_APPICON_NAME = AppIcon;
				CODE_SIGN_STYLE = Automatic;
				DEVELOPMENT_TEAM = R66LF8J636;
				INFOPLIST_FILE = HomeMates/Info.plist;
				IPHONEOS_DEPLOYMENT_TARGET = 12.1;
				LD_RUNPATH_SEARCH_PATHS = (
					"$(inherited)",
					"@executable_path/Frameworks",
				);
				PRODUCT_BUNDLE_IDENTIFIER = com.Jacqueline.HomeMates;
				PRODUCT_NAME = "$(TARGET_NAME)";
				SWIFT_VERSION = 5.0;
				TARGETED_DEVICE_FAMILY = "1,2";
			};
			name = Release;
		};
/* End XCBuildConfiguration section */

/* Begin XCConfigurationList section */
		B9D71A9722534D4F00F242DA /* Build configuration list for PBXProject "HomeMates" */ = {
			isa = XCConfigurationList;
			buildConfigurations = (
				B9D71AAC22534D5100F242DA /* Debug */,
				B9D71AAD22534D5100F242DA /* Release */,
			);
			defaultConfigurationIsVisible = 0;
			defaultConfigurationName = Release;
		};
		B9D71AAE22534D5100F242DA /* Build configuration list for PBXNativeTarget "HomeMates" */ = {
			isa = XCConfigurationList;
			buildConfigurations = (
				B9D71AAF22534D5100F242DA /* Debug */,
				B9D71AB022534D5100F242DA /* Release */,
			);
			defaultConfigurationIsVisible = 0;
			defaultConfigurationName = Release;
		};
/* End XCConfigurationList section */
	};
	rootObject = B9D71A9422534D4F00F242DA /* Project object */;
}
